// !$*UTF8*$!
{
	archiveVersion = 1;
	classes = {
	};
	objectVersion = 48;
	objects = {

/* Begin PBXBuildFile section */
		5D861A451FCBD11600B5C995 /* AppDelegate.m in Sources */ = {isa = PBXBuildFile; fileRef = 5D861A441FCBD11600B5C995 /* AppDelegate.m */; };
		5D861A481FCBD11600B5C995 /* ViewController.m in Sources */ = {isa = PBXBuildFile; fileRef = 5D861A471FCBD11600B5C995 /* ViewController.m */; };
		5D861A4B1FCBD11600B5C995 /* Main.storyboard in Resources */ = {isa = PBXBuildFile; fileRef = 5D861A491FCBD11600B5C995 /* Main.storyboard */; };
		5D861A4D1FCBD11600B5C995 /* Assets.xcassets in Resources */ = {isa = PBXBuildFile; fileRef = 5D861A4C1FCBD11600B5C995 /* Assets.xcassets */; };
		5D861A501FCBD11600B5C995 /* LaunchScreen.storyboard in Resources */ = {isa = PBXBuildFile; fileRef = 5D861A4E1FCBD11600B5C995 /* LaunchScreen.storyboard */; };
		5D861A531FCBD11600B5C995 /* main.m in Sources */ = {isa = PBXBuildFile; fileRef = 5D861A521FCBD11600B5C995 /* main.m */; };
		5D861A5D1FCBD11600B5C995 /* smart_LightTests.m in Sources */ = {isa = PBXBuildFile; fileRef = 5D861A5C1FCBD11600B5C995 /* smart_LightTests.m */; };
		5D861A681FCBD11600B5C995 /* smart_LightUITests.m in Sources */ = {isa = PBXBuildFile; fileRef = 5D861A671FCBD11600B5C995 /* smart_LightUITests.m */; };
		5D861A831FCBE69D00B5C995 /* UIView+frame.m in Sources */ = {isa = PBXBuildFile; fileRef = 5D861A821FCBE69D00B5C995 /* UIView+frame.m */; };
		5D861A861FCBE80600B5C995 /* UITableViewCell+Help.m in Sources */ = {isa = PBXBuildFile; fileRef = 5D861A851FCBE80600B5C995 /* UITableViewCell+Help.m */; };
		5D861A8A1FCBE89C00B5C995 /* DeviceNameCell.m in Sources */ = {isa = PBXBuildFile; fileRef = 5D861A881FCBE89C00B5C995 /* DeviceNameCell.m */; };
		5D861A8B1FCBE89C00B5C995 /* DeviceNameCell.xib in Resources */ = {isa = PBXBuildFile; fileRef = 5D861A891FCBE89C00B5C995 /* DeviceNameCell.xib */; };
/* End PBXBuildFile section */

/* Begin PBXContainerItemProxy section */
		5D861A591FCBD11600B5C995 /* PBXContainerItemProxy */ = {
			isa = PBXContainerItemProxy;
			containerPortal = 5D861A381FCBD11600B5C995 /* Project object */;
			proxyType = 1;
			remoteGlobalIDString = 5D861A3F1FCBD11600B5C995;
			remoteInfo = "smart-Light";
		};
		5D861A641FCBD11600B5C995 /* PBXContainerItemProxy */ = {
			isa = PBXContainerItemProxy;
			containerPortal = 5D861A381FCBD11600B5C995 /* Project object */;
			proxyType = 1;
			remoteGlobalIDString = 5D861A3F1FCBD11600B5C995;
			remoteInfo = "smart-Light";
		};
/* End PBXContainerItemProxy section */

/* Begin PBXFileReference section */
		5D861A401FCBD11600B5C995 /* smart-Light.app */ = {isa = PBXFileReference; explicitFileType = wrapper.application; includeInIndex = 0; path = "smart-Light.app"; sourceTree = BUILT_PRODUCTS_DIR; };
		5D861A431FCBD11600B5C995 /* AppDelegate.h */ = {isa = PBXFileReference; lastKnownFileType = sourcecode.c.h; path = AppDelegate.h; sourceTree = "<group>"; };
		5D861A441FCBD11600B5C995 /* AppDelegate.m */ = {isa = PBXFileReference; lastKnownFileType = sourcecode.c.objc; path = AppDelegate.m; sourceTree = "<group>"; };
		5D861A461FCBD11600B5C995 /* ViewController.h */ = {isa = PBXFileReference; lastKnownFileType = sourcecode.c.h; path = ViewController.h; sourceTree = "<group>"; };
		5D861A471FCBD11600B5C995 /* ViewController.m */ = {isa = PBXFileReference; lastKnownFileType = sourcecode.c.objc; path = ViewController.m; sourceTree = "<group>"; };
		5D861A4A1FCBD11600B5C995 /* Base */ = {isa = PBXFileReference; lastKnownFileType = file.storyboard; name = Base; path = Base.lproj/Main.storyboard; sourceTree = "<group>"; };
		5D861A4C1FCBD11600B5C995 /* Assets.xcassets */ = {isa = PBXFileReference; lastKnownFileType = folder.assetcatalog; path = Assets.xcassets; sourceTree = "<group>"; };
		5D861A4F1FCBD11600B5C995 /* Base */ = {isa = PBXFileReference; lastKnownFileType = file.storyboard; name = Base; path = Base.lproj/LaunchScreen.storyboard; sourceTree = "<group>"; };
		5D861A511FCBD11600B5C995 /* Info.plist */ = {isa = PBXFileReference; lastKnownFileType = text.plist.xml; path = Info.plist; sourceTree = "<group>"; };
		5D861A521FCBD11600B5C995 /* main.m */ = {isa = PBXFileReference; lastKnownFileType = sourcecode.c.objc; path = main.m; sourceTree = "<group>"; };
		5D861A581FCBD11600B5C995 /* smart-LightTests.xctest */ = {isa = PBXFileReference; explicitFileType = wrapper.cfbundle; includeInIndex = 0; path = "smart-LightTests.xctest"; sourceTree = BUILT_PRODUCTS_DIR; };
		5D861A5C1FCBD11600B5C995 /* smart_LightTests.m */ = {isa = PBXFileReference; lastKnownFileType = sourcecode.c.objc; path = smart_LightTests.m; sourceTree = "<group>"; };
		5D861A5E1FCBD11600B5C995 /* Info.plist */ = {isa = PBXFileReference; lastKnownFileType = text.plist.xml; path = Info.plist; sourceTree = "<group>"; };
		5D861A631FCBD11600B5C995 /* smart-LightUITests.xctest */ = {isa = PBXFileReference; explicitFileType = wrapper.cfbundle; includeInIndex = 0; path = "smart-LightUITests.xctest"; sourceTree = BUILT_PRODUCTS_DIR; };
		5D861A671FCBD11600B5C995 /* smart_LightUITests.m */ = {isa = PBXFileReference; lastKnownFileType = sourcecode.c.objc; path = smart_LightUITests.m; sourceTree = "<group>"; };
		5D861A691FCBD11600B5C995 /* Info.plist */ = {isa = PBXFileReference; lastKnownFileType = text.plist.xml; path = Info.plist; sourceTree = "<group>"; };
		5D861A801FCBE69D00B5C995 /* GlobalPublicDefine.h */ = {isa = PBXFileReference; fileEncoding = 4; lastKnownFileType = sourcecode.c.h; path = GlobalPublicDefine.h; sourceTree = "<group>"; };
		5D861A811FCBE69D00B5C995 /* UIView+frame.h */ = {isa = PBXFileReference; fileEncoding = 4; lastKnownFileType = sourcecode.c.h; path = "UIView+frame.h"; sourceTree = "<group>"; };
		5D861A821FCBE69D00B5C995 /* UIView+frame.m */ = {isa = PBXFileReference; fileEncoding = 4; lastKnownFileType = sourcecode.c.objc; path = "UIView+frame.m"; sourceTree = "<group>"; };
		5D861A841FCBE80600B5C995 /* UITableViewCell+Help.h */ = {isa = PBXFileReference; fileEncoding = 4; lastKnownFileType = sourcecode.c.h; path = "UITableViewCell+Help.h"; sourceTree = "<group>"; };
		5D861A851FCBE80600B5C995 /* UITableViewCell+Help.m */ = {isa = PBXFileReference; fileEncoding = 4; lastKnownFileType = sourcecode.c.objc; path = "UITableViewCell+Help.m"; sourceTree = "<group>"; };
		5D861A871FCBE89C00B5C995 /* DeviceNameCell.h */ = {isa = PBXFileReference; lastKnownFileType = sourcecode.c.h; path = DeviceNameCell.h; sourceTree = "<group>"; };
		5D861A881FCBE89C00B5C995 /* DeviceNameCell.m */ = {isa = PBXFileReference; lastKnownFileType = sourcecode.c.objc; path = DeviceNameCell.m; sourceTree = "<group>"; };
		5D861A891FCBE89C00B5C995 /* DeviceNameCell.xib */ = {isa = PBXFileReference; lastKnownFileType = file.xib; path = DeviceNameCell.xib; sourceTree = "<group>"; };
/* End PBXFileReference section */

/* Begin PBXFrameworksBuildPhase section */
		5D861A3D1FCBD11600B5C995 /* Frameworks */ = {
			isa = PBXFrameworksBuildPhase;
			buildActionMask = 2147483647;
			files = (
			);
			runOnlyForDeploymentPostprocessing = 0;
		};
		5D861A551FCBD11600B5C995 /* Frameworks */ = {
			isa = PBXFrameworksBuildPhase;
			buildActionMask = 2147483647;
			files = (
			);
			runOnlyForDeploymentPostprocessing = 0;
		};
		5D861A601FCBD11600B5C995 /* Frameworks */ = {
			isa = PBXFrameworksBuildPhase;
			buildActionMask = 2147483647;
			files = (
			);
			runOnlyForDeploymentPostprocessing = 0;
		};
/* End PBXFrameworksBuildPhase section */

/* Begin PBXGroup section */
		5D861A371FCBD11600B5C995 = {
			isa = PBXGroup;
			children = (
				5D861A421FCBD11600B5C995 /* smart-Light */,
				5D861A5B1FCBD11600B5C995 /* smart-LightTests */,
				5D861A661FCBD11600B5C995 /* smart-LightUITests */,
				5D861A411FCBD11600B5C995 /* Products */,
			);
			sourceTree = "<group>";
		};
		5D861A411FCBD11600B5C995 /* Products */ = {
			isa = PBXGroup;
			children = (
				5D861A401FCBD11600B5C995 /* smart-Light.app */,
				5D861A581FCBD11600B5C995 /* smart-LightTests.xctest */,
				5D861A631FCBD11600B5C995 /* smart-LightUITests.xctest */,
			);
			name = Products;
			sourceTree = "<group>";
		};
		5D861A421FCBD11600B5C995 /* smart-Light */ = {
			isa = PBXGroup;
			children = (
				5D861A7F1FCBE69D00B5C995 /* Other */,
				5D861A431FCBD11600B5C995 /* AppDelegate.h */,
				5D861A441FCBD11600B5C995 /* AppDelegate.m */,
				5D861A461FCBD11600B5C995 /* ViewController.h */,
				5D861A471FCBD11600B5C995 /* ViewController.m */,
				5D861A491FCBD11600B5C995 /* Main.storyboard */,
				5D861A4C1FCBD11600B5C995 /* Assets.xcassets */,
				5D861A4E1FCBD11600B5C995 /* LaunchScreen.storyboard */,
				5D861A511FCBD11600B5C995 /* Info.plist */,
				5D861A521FCBD11600B5C995 /* main.m */,
			);
			path = "smart-Light";
			sourceTree = "<group>";
		};
		5D861A5B1FCBD11600B5C995 /* smart-LightTests */ = {
			isa = PBXGroup;
			children = (
				5D861A5C1FCBD11600B5C995 /* smart_LightTests.m */,
				5D861A5E1FCBD11600B5C995 /* Info.plist */,
			);
			path = "smart-LightTests";
			sourceTree = "<group>";
		};
		5D861A661FCBD11600B5C995 /* smart-LightUITests */ = {
			isa = PBXGroup;
			children = (
				5D861A671FCBD11600B5C995 /* smart_LightUITests.m */,
				5D861A691FCBD11600B5C995 /* Info.plist */,
			);
			path = "smart-LightUITests";
			sourceTree = "<group>";
		};
		5D861A7F1FCBE69D00B5C995 /* Other */ = {
			isa = PBXGroup;
			children = (
				5D861A841FCBE80600B5C995 /* UITableViewCell+Help.h */,
				5D861A851FCBE80600B5C995 /* UITableViewCell+Help.m */,
				5D861A801FCBE69D00B5C995 /* GlobalPublicDefine.h */,
				5D861A811FCBE69D00B5C995 /* UIView+frame.h */,
				5D861A821FCBE69D00B5C995 /* UIView+frame.m */,
				5D861A871FCBE89C00B5C995 /* DeviceNameCell.h */,
				5D861A881FCBE89C00B5C995 /* DeviceNameCell.m */,
				5D861A891FCBE89C00B5C995 /* DeviceNameCell.xib */,
			);
			path = Other;
			sourceTree = "<group>";
		};
/* End PBXGroup section */

/* Begin PBXNativeTarget section */
		5D861A3F1FCBD11600B5C995 /* smart-Light */ = {
			isa = PBXNativeTarget;
			buildConfigurationList = 5D861A6C1FCBD11600B5C995 /* Build configuration list for PBXNativeTarget "smart-Light" */;
			buildPhases = (
				5D861A3C1FCBD11600B5C995 /* Sources */,
				5D861A3D1FCBD11600B5C995 /* Frameworks */,
				5D861A3E1FCBD11600B5C995 /* Resources */,
			);
			buildRules = (
			);
			dependencies = (
			);
			name = "smart-Light";
			productName = "smart-Light";
			productReference = 5D861A401FCBD11600B5C995 /* smart-Light.app */;
			productType = "com.apple.product-type.application";
		};
		5D861A571FCBD11600B5C995 /* smart-LightTests */ = {
			isa = PBXNativeTarget;
			buildConfigurationList = 5D861A6F1FCBD11600B5C995 /* Build configuration list for PBXNativeTarget "smart-LightTests" */;
			buildPhases = (
				5D861A541FCBD11600B5C995 /* Sources */,
				5D861A551FCBD11600B5C995 /* Frameworks */,
				5D861A561FCBD11600B5C995 /* Resources */,
			);
			buildRules = (
			);
			dependencies = (
				5D861A5A1FCBD11600B5C995 /* PBXTargetDependency */,
			);
			name = "smart-LightTests";
			productName = "smart-LightTests";
			productReference = 5D861A581FCBD11600B5C995 /* smart-LightTests.xctest */;
			productType = "com.apple.product-type.bundle.unit-test";
		};
		5D861A621FCBD11600B5C995 /* smart-LightUITests */ = {
			isa = PBXNativeTarget;
			buildConfigurationList = 5D861A721FCBD11600B5C995 /* Build configuration list for PBXNativeTarget "smart-LightUITests" */;
			buildPhases = (
				5D861A5F1FCBD11600B5C995 /* Sources */,
				5D861A601FCBD11600B5C995 /* Frameworks */,
				5D861A611FCBD11600B5C995 /* Resources */,
			);
			buildRules = (
			);
			dependencies = (
				5D861A651FCBD11600B5C995 /* PBXTargetDependency */,
			);
			name = "smart-LightUITests";
			productName = "smart-LightUITests";
			productReference = 5D861A631FCBD11600B5C995 /* smart-LightUITests.xctest */;
			productType = "com.apple.product-type.bundle.ui-testing";
		};
/* End PBXNativeTarget section */

/* Begin PBXProject section */
		5D861A381FCBD11600B5C995 /* Project object */ = {
			isa = PBXProject;
			attributes = {
				LastUpgradeCheck = 0910;
				ORGANIZATIONNAME = Edward;
				TargetAttributes = {
					5D861A3F1FCBD11600B5C995 = {
						CreatedOnToolsVersion = 9.1;
						ProvisioningStyle = Automatic;
						SystemCapabilities = {
							com.apple.BackgroundModes = {
								enabled = 0;
							};
						};
					};
					5D861A571FCBD11600B5C995 = {
						CreatedOnToolsVersion = 9.1;
						ProvisioningStyle = Automatic;
						TestTargetID = 5D861A3F1FCBD11600B5C995;
					};
					5D861A621FCBD11600B5C995 = {
						CreatedOnToolsVersion = 9.1;
						ProvisioningStyle = Automatic;
						TestTargetID = 5D861A3F1FCBD11600B5C995;
					};
				};
			};
			buildConfigurationList = 5D861A3B1FCBD11600B5C995 /* Build configuration list for PBXProject "smart-Light" */;
			compatibilityVersion = "Xcode 8.0";
			developmentRegion = en;
			hasScannedForEncodings = 0;
			knownRegions = (
				en,
				Base,
			);
			mainGroup = 5D861A371FCBD11600B5C995;
			productRefGroup = 5D861A411FCBD11600B5C995 /* Products */;
			projectDirPath = "";
			projectRoot = "";
			targets = (
				5D861A3F1FCBD11600B5C995 /* smart-Light */,
				5D861A571FCBD11600B5C995 /* smart-LightTests */,
				5D861A621FCBD11600B5C995 /* smart-LightUITests */,
			);
		};
/* End PBXProject section */

/* Begin PBXResourcesBuildPhase section */
		5D861A3E1FCBD11600B5C995 /* Resources */ = {
			isa = PBXResourcesBuildPhase;
			buildActionMask = 2147483647;
			files = (
				5D861A8B1FCBE89C00B5C995 /* DeviceNameCell.xib in Resources */,
				5D861A501FCBD11600B5C995 /* LaunchScreen.storyboard in Resources */,
				5D861A4D1FCBD11600B5C995 /* Assets.xcassets in Resources */,
				5D861A4B1FCBD11600B5C995 /* Main.storyboard in Resources */,
			);
			runOnlyForDeploymentPostprocessing = 0;
		};
		5D861A561FCBD11600B5C995 /* Resources */ = {
			isa = PBXResourcesBuildPhase;
			buildActionMask = 2147483647;
			files = (
			);
			runOnlyForDeploymentPostprocessing = 0;
		};
		5D861A611FCBD11600B5C995 /* Resources */ = {
			isa = PBXResourcesBuildPhase;
			buildActionMask = 2147483647;
			files = (
			);
			runOnlyForDeploymentPostprocessing = 0;
		};
/* End PBXResourcesBuildPhase section */

/* Begin PBXSourcesBuildPhase section */
		5D861A3C1FCBD11600B5C995 /* Sources */ = {
			isa = PBXSourcesBuildPhase;
			buildActionMask = 2147483647;
			files = (
				5D861A831FCBE69D00B5C995 /* UIView+frame.m in Sources */,
				5D861A861FCBE80600B5C995 /* UITableViewCell+Help.m in Sources */,
				5D861A8A1FCBE89C00B5C995 /* DeviceNameCell.m in Sources */,
				5D861A481FCBD11600B5C995 /* ViewController.m in Sources */,
				5D861A531FCBD11600B5C995 /* main.m in Sources */,
				5D861A451FCBD11600B5C995 /* AppDelegate.m in Sources */,
			);
			runOnlyForDeploymentPostprocessing = 0;
		};
		5D861A541FCBD11600B5C995 /* Sources */ = {
			isa = PBXSourcesBuildPhase;
			buildActionMask = 2147483647;
			files = (
				5D861A5D1FCBD11600B5C995 /* smart_LightTests.m in Sources */,
			);
			runOnlyForDeploymentPostprocessing = 0;
		};
		5D861A5F1FCBD11600B5C995 /* Sources */ = {
			isa = PBXSourcesBuildPhase;
			buildActionMask = 2147483647;
			files = (
				5D861A681FCBD11600B5C995 /* smart_LightUITests.m in Sources */,
			);
			runOnlyForDeploymentPostprocessing = 0;
		};
/* End PBXSourcesBuildPhase section */

/* Begin PBXTargetDependency section */
		5D861A5A1FCBD11600B5C995 /* PBXTargetDependency */ = {
			isa = PBXTargetDependency;
			target = 5D861A3F1FCBD11600B5C995 /* smart-Light */;
			targetProxy = 5D861A591FCBD11600B5C995 /* PBXContainerItemProxy */;
		};
		5D861A651FCBD11600B5C995 /* PBXTargetDependency */ = {
			isa = PBXTargetDependency;
			target = 5D861A3F1FCBD11600B5C995 /* smart-Light */;
			targetProxy = 5D861A641FCBD11600B5C995 /* PBXContainerItemProxy */;
		};
/* End PBXTargetDependency section */

/* Begin PBXVariantGroup section */
		5D861A491FCBD11600B5C995 /* Main.storyboard */ = {
			isa = PBXVariantGroup;
			children = (
				5D861A4A1FCBD11600B5C995 /* Base */,
			);
			name = Main.storyboard;
			sourceTree = "<group>";
		};
		5D861A4E1FCBD11600B5C995 /* LaunchScreen.storyboard */ = {
			isa = PBXVariantGroup;
			children = (
				5D861A4F1FCBD11600B5C995 /* Base */,
			);
			name = LaunchScreen.storyboard;
			sourceTree = "<group>";
		};
/* End PBXVariantGroup section */

/* Begin XCBuildConfiguration section */
		5D861A6A1FCBD11600B5C995 /* Debug */ = {
			isa = XCBuildConfiguration;
			buildSettings = {
				ALWAYS_SEARCH_USER_PATHS = NO;
				CLANG_ANALYZER_NONNULL = YES;
				CLANG_ANALYZER_NUMBER_OBJECT_CONVERSION = YES_AGGRESSIVE;
				CLANG_CXX_LANGUAGE_STANDARD = "gnu++14";
				CLANG_CXX_LIBRARY = "libc++";
				CLANG_ENABLE_MODULES = YES;
				CLANG_ENABLE_OBJC_ARC = YES;
				CLANG_WARN_BLOCK_CAPTURE_AUTORELEASING = YES;
				CLANG_WARN_BOOL_CONVERSION = YES;
				CLANG_WARN_COMMA = YES;
				CLANG_WARN_CONSTANT_CONVERSION = YES;
				CLANG_WARN_DIRECT_OBJC_ISA_USAGE = YES_ERROR;
				CLANG_WARN_DOCUMENTATION_COMMENTS = YES;
				CLANG_WARN_EMPTY_BODY = YES;
				CLANG_WARN_ENUM_CONVERSION = YES;
				CLANG_WARN_INFINITE_RECURSION = YES;
				CLANG_WARN_INT_CONVERSION = YES;
				CLANG_WARN_NON_LITERAL_NULL_CONVERSION = YES;
				CLANG_WARN_OBJC_LITERAL_CONVERSION = YES;
				CLANG_WARN_OBJC_ROOT_CLASS = YES_ERROR;
				CLANG_WARN_RANGE_LOOP_ANALYSIS = YES;
				CLANG_WARN_STRICT_PROTOTYPES = YES;
				CLANG_WARN_SUSPICIOUS_MOVE = YES;
				CLANG_WARN_UNGUARDED_AVAILABILITY = YES_AGGRESSIVE;
				CLANG_WARN_UNREACHABLE_CODE = YES;
				CLANG_WARN__DUPLICATE_METHOD_MATCH = YES;
				CODE_SIGN_IDENTITY = "iPhone Developer";
				COPY_PHASE_STRIP = NO;
				DEBUG_INFORMATION_FORMAT = dwarf;
				ENABLE_STRICT_OBJC_MSGSEND = YES;
				ENABLE_TESTABILITY = YES;
				GCC_C_LANGUAGE_STANDARD = gnu11;
				GCC_DYNAMIC_NO_PIC = NO;
				GCC_NO_COMMON_BLOCKS = YES;
				GCC_OPTIMIZATION_LEVEL = 0;
				GCC_PREPROCESSOR_DEFINITIONS = (
					"DEBUG=1",
					"$(inherited)",
				);
				GCC_WARN_64_TO_32_BIT_CONVERSION = YES;
				GCC_WARN_ABOUT_RETURN_TYPE = YES_ERROR;
				GCC_WARN_UNDECLARED_SELECTOR = YES;
				GCC_WARN_UNINITIALIZED_AUTOS = YES_AGGRESSIVE;
				GCC_WARN_UNUSED_FUNCTION = YES;
				GCC_WARN_UNUSED_VARIABLE = YES;
				IPHONEOS_DEPLOYMENT_TARGET = 9.0;
				MTL_ENABLE_DEBUG_INFO = YES;
				ONLY_ACTIVE_ARCH = YES;
				SDKROOT = iphoneos;
			};
			name = Debug;
		};
		5D861A6B1FCBD11600B5C995 /* Release */ = {
			isa = XCBuildConfiguration;
			buildSettings = {
				ALWAYS_SEARCH_USER_PATHS = NO;
				CLANG_ANALYZER_NONNULL = YES;
				CLANG_ANALYZER_NUMBER_OBJECT_CONVERSION = YES_AGGRESSIVE;
				CLANG_CXX_LANGUAGE_STANDARD = "gnu++14";
				CLANG_CXX_LIBRARY = "libc++";
				CLANG_ENABLE_MODULES = YES;
				CLANG_ENABLE_OBJC_ARC = YES;
				CLANG_WARN_BLOCK_CAPTURE_AUTORELEASING = YES;
				CLANG_WARN_BOOL_CONVERSION = YES;
				CLANG_WARN_COMMA = YES;
				CLANG_WARN_CONSTANT_CONVERSION = YES;
				CLANG_WARN_DIRECT_OBJC_ISA_USAGE = YES_ERROR;
				CLANG_WARN_DOCUMENTATION_COMMENTS = YES;
				CLANG_WARN_EMPTY_BODY = YES;
				CLANG_WARN_ENUM_CONVERSION = YES;
				CLANG_WARN_INFINITE_RECURSION = YES;
				CLANG_WARN_INT_CONVERSION = YES;
				CLANG_WARN_NON_LITERAL_NULL_CONVERSION = YES;
				CLANG_WARN_OBJC_LITERAL_CONVERSION = YES;
				CLANG_WARN_OBJC_ROOT_CLASS = YES_ERROR;
				CLANG_WARN_RANGE_LOOP_ANALYSIS = YES;
				CLANG_WARN_STRICT_PROTOTYPES = YES;
				CLANG_WARN_SUSPICIOUS_MOVE = YES;
				CLANG_WARN_UNGUARDED_AVAILABILITY = YES_AGGRESSIVE;
				CLANG_WARN_UNREACHABLE_CODE = YES;
				CLANG_WARN__DUPLICATE_METHOD_MATCH = YES;
				CODE_SIGN_IDENTITY = "iPhone Developer";
				COPY_PHASE_STRIP = NO;
				DEBUG_INFORMATION_FORMAT = "dwarf-with-dsym";
				ENABLE_NS_ASSERTIONS = NO;
				ENABLE_STRICT_OBJC_MSGSEND = YES;
				GCC_C_LANGUAGE_STANDARD = gnu11;
				GCC_NO_COMMON_BLOCKS = YES;
				GCC_WARN_64_TO_32_BIT_CONVERSION = YES;
				GCC_WARN_ABOUT_RETURN_TYPE = YES_ERROR;
				GCC_WARN_UNDECLARED_SELECTOR = YES;
				GCC_WARN_UNINITIALIZED_AUTOS = YES_AGGRESSIVE;
				GCC_WARN_UNUSED_FUNCTION = YES;
				GCC_WARN_UNUSED_VARIABLE = YES;
				IPHONEOS_DEPLOYMENT_TARGET = 9.0;
				MTL_ENABLE_DEBUG_INFO = NO;
				SDKROOT = iphoneos;
				VALIDATE_PRODUCT = YES;
			};
			name = Release;
		};
		5D861A6D1FCBD11600B5C995 /* Debug */ = {
			isa = XCBuildConfiguration;
			buildSettings = {
				ASSETCATALOG_COMPILER_APPICON_NAME = AppIcon;
				CODE_SIGN_STYLE = Automatic;
				DEVELOPMENT_TEAM = 83F323W6C2;
				INFOPLIST_FILE = "smart-Light/Info.plist";
				LD_RUNPATH_SEARCH_PATHS = "$(inherited) @executable_path/Frameworks";
				PRODUCT_BUNDLE_IDENTIFIER = "com.edward.smart-Light";
				PRODUCT_NAME = "$(TARGET_NAME)";
				TARGETED_DEVICE_FAMILY = 1;
			};
			name = Debug;
		};
		5D861A6E1FCBD11600B5C995 /* Release */ = {
			isa = XCBuildConfiguration;
			buildSettings = {
				ASSETCATALOG_COMPILER_APPICON_NAME = AppIcon;
				CODE_SIGN_STYLE = Automatic;
				DEVELOPMENT_TEAM = 83F323W6C2;
				INFOPLIST_FILE = "smart-Light/Info.plist";
				LD_RUNPATH_SEARCH_PATHS = "$(inherited) @executable_path/Frameworks";
				PRODUCT_BUNDLE_IDENTIFIER = "com.edward.smart-Light";
				PRODUCT_NAME = "$(TARGET_NAME)";
				TARGETED_DEVICE_FAMILY = 1;
			};
			name = Release;
		};
		5D861A701FCBD11600B5C995 /* Debug */ = {
			isa = XCBuildConfiguration;
			buildSettings = {
				BUNDLE_LOADER = "$(TEST_HOST)";
				CODE_SIGN_STYLE = Automatic;
				DEVELOPMENT_TEAM = 5H97P65AHU;
				INFOPLIST_FILE = "smart-LightTests/Info.plist";
				LD_RUNPATH_SEARCH_PATHS = "$(inherited) @executable_path/Frameworks @loader_path/Frameworks";
				PRODUCT_BUNDLE_IDENTIFIER = "com.noa-labs.edward.smart-LightTests";
				PRODUCT_NAME = "$(TARGET_NAME)";
				TARGETED_DEVICE_FAMILY = "1,2";
				TEST_HOST = "$(BUILT_PRODUCTS_DIR)/smart-Light.app/smart-Light";
			};
			name = Debug;
		};
		5D861A711FCBD11600B5C995 /* Release */ = {
			isa = XCBuildConfiguration;
			buildSettings = {
				BUNDLE_LOADER = "$(TEST_HOST)";
				CODE_SIGN_STYLE = Automatic;
				DEVELOPMENT_TEAM = 5H97P65AHU;
				INFOPLIST_FILE = "smart-LightTests/Info.plist";
				LD_RUNPATH_SEARCH_PATHS = "$(inherited) @executable_path/Frameworks @loader_path/Frameworks";
				PRODUCT_BUNDLE_IDENTIFIER = "com.noa-labs.edward.smart-LightTests";
				PRODUCT_NAME = "$(TARGET_NAME)";
				TARGETED_DEVICE_FAMILY = "1,2";
				TEST_HOST = "$(BUILT_PRODUCTS_DIR)/smart-Light.app/smart-Light";
			};
			name = Release;
		};
		5D861A731FCBD11600B5C995 /* Debug */ = {
			isa = XCBuildConfiguration;
			buildSettings = {
				CODE_SIGN_STYLE = Automatic;
				DEVELOPMENT_TEAM = 5H97P65AHU;
				INFOPLIST_FILE = "smart-LightUITests/Info.plist";
				LD_RUNPATH_SEARCH_PATHS = "$(inherited) @executable_path/Frameworks @loader_path/Frameworks";
				PRODUCT_BUNDLE_IDENTIFIER = "com.noa-labs.edward.smart-LightUITests";
				PRODUCT_NAME = "$(TARGET_NAME)";
				TARGETED_DEVICE_FAMILY = "1,2";
				TEST_TARGET_NAME = "smart-Light";
			};
			name = Debug;
		};
		5D861A741FCBD11600B5C995 /* Release */ = {
			isa = XCBuildConfiguration;
			buildSettings = {
				CODE_SIGN_STYLE = Automatic;
				DEVELOPMENT_TEAM = 5H97P65AHU;
				INFOPLIST_FILE = "smart-LightUITests/Info.plist";
				LD_RUNPATH_SEARCH_PATHS = "$(inherited) @executable_path/Frameworks @loader_path/Frameworks";
				PRODUCT_BUNDLE_IDENTIFIER = "com.noa-labs.edward.smart-LightUITests";
				PRODUCT_NAME = "$(TARGET_NAME)";
				TARGETED_DEVICE_FAMILY = "1,2";
				TEST_TARGET_NAME = "smart-Light";
			};
			name = Release;
		};
/* End XCBuildConfiguration section */

/* Begin XCConfigurationList section */
		5D861A3B1FCBD11600B5C995 /* Build configuration list for PBXProject "smart-Light" */ = {
			isa = XCConfigurationList;
			buildConfigurations = (
				5D861A6A1FCBD11600B5C995 /* Debug */,
				5D861A6B1FCBD11600B5C995 /* Release */,
			);
			defaultConfigurationIsVisible = 0;
			defaultConfigurationName = Release;
		};
		5D861A6C1FCBD11600B5C995 /* Build configuration list for PBXNativeTarget "smart-Light" */ = {
			isa = XCConfigurationList;
			buildConfigurations = (
				5D861A6D1FCBD11600B5C995 /* Debug */,
				5D861A6E1FCBD11600B5C995 /* Release */,
			);
			defaultConfigurationIsVisible = 0;
			defaultConfigurationName = Release;
		};
		5D861A6F1FCBD11600B5C995 /* Build configuration list for PBXNativeTarget "smart-LightTests" */ = {
			isa = XCConfigurationList;
			buildConfigurations = (
				5D861A701FCBD11600B5C995 /* Debug */,
				5D861A711FCBD11600B5C995 /* Release */,
			);
			defaultConfigurationIsVisible = 0;
			defaultConfigurationName = Release;
		};
		5D861A721FCBD11600B5C995 /* Build configuration list for PBXNativeTarget "smart-LightUITests" */ = {
			isa = XCConfigurationList;
			buildConfigurations = (
				5D861A731FCBD11600B5C995 /* Debug */,
				5D861A741FCBD11600B5C995 /* Release */,
			);
			defaultConfigurationIsVisible = 0;
			defaultConfigurationName = Release;
		};
/* End XCConfigurationList section */
	};
	rootObject = 5D861A381FCBD11600B5C995 /* Project object */;
}
